
Microsoft Visual Studio Solution File, Format Version 12.00
Project("{FAE04EC0-301F-11D3-BF4B-00C04F79EFBC}") = "CommandPattern", "CommandPattern\CommandPattern.csproj", "{CA6044D8-B114-4109-85B0-6CE1CBBA8F6F}"
EndProject
Project("{FAE04EC0-301F-11D3-BF4B-00C04F79EFBC}") = "InterpreterPattern", "InterpreterPattern\InterpreterPattern.csproj", "{729EC7AF-00FB-4291-983B-240030562AB4}"
EndProject
Project("{FAE04EC0-301F-11D3-BF4B-00C04F79EFBC}") = "IteratorPattern", "IteratorPattern\IteratorPattern.csproj", "{66AB99A3-360E-4488-8982-9B4B6690274A}"
EndProject
Project("{FAE04EC0-301F-11D3-BF4B-00C04F79EFBC}") = "MediatorPattern", "MediatorPattern\MediatorPattern.csproj", "{DA5DFC7A-0F3B-478F-A34F-FDBC01C721F3}"
EndProject
Project("{FAE04EC0-301F-11D3-BF4B-00C04F79EFBC}") = "MementoPattern", "MementoPattern\MementoPattern.csproj", "{0CA7FF30-BBC1-4A3E-ABC2-2BEABAD39345}"
EndProject
Project("{FAE04EC0-301F-11D3-BF4B-00C04F79EFBC}") = "ObserverPattern", "ObserverPattern\ObserverPattern.csproj", "{64E52E7E-2664-4301-B5F0-5FA01EDDC171}"
EndProject
Project("{FAE04EC0-301F-11D3-BF4B-00C04F79EFBC}") = "StatePattern", "StatePattern\StatePattern.csproj", "{8E6ACFA1-9E28-4597-AC40-E855AFEA7DA2}"
EndProject
Project("{FAE04EC0-301F-11D3-BF4B-00C04F79EFBC}") = "StrategyPattern", "StrategyPattern\StrategyPattern.csproj", "{46593687-8D10-4042-A982-FFDE30D4627A}"
EndProject
Global
	GlobalSection(SolutionConfigurationPlatforms) = preSolution
		Debug|Any CPU = Debug|Any CPU
		Release|Any CPU = Release|Any CPU
	EndGlobalSection
	GlobalSection(ProjectConfigurationPlatforms) = postSolution
		{CA6044D8-B114-4109-85B0-6CE1CBBA8F6F}.Debug|Any CPU.ActiveCfg = Debug|Any CPU
		{CA6044D8-B114-4109-85B0-6CE1CBBA8F6F}.Debug|Any CPU.Build.0 = Debug|Any CPU
		{CA6044D8-B114-4109-85B0-6CE1CBBA8F6F}.Release|Any CPU.ActiveCfg = Release|Any CPU
		{CA6044D8-B114-4109-85B0-6CE1CBBA8F6F}.Release|Any CPU.Build.0 = Release|Any CPU
		{729EC7AF-00FB-4291-983B-240030562AB4}.Debug|Any CPU.ActiveCfg = Debug|Any CPU
		{729EC7AF-00FB-4291-983B-240030562AB4}.Debug|Any CPU.Build.0 = Debug|Any CPU
		{729EC7AF-00FB-4291-983B-240030562AB4}.Release|Any CPU.ActiveCfg = Release|Any CPU
		{729EC7AF-00FB-4291-983B-240030562AB4}.Release|Any CPU.Build.0 = Release|Any CPU
		{66AB99A3-360E-4488-8982-9B4B6690274A}.Debug|Any CPU.ActiveCfg = Debug|Any CPU
		{66AB99A3-360E-4488-8982-9B4B6690274A}.Debug|Any CPU.Build.0 = Debug|Any CPU
		{66AB99A3-360E-4488-8982-9B4B6690274A}.Release|Any CPU.ActiveCfg = Release|Any CPU
		{66AB99A3-360E-4488-8982-9B4B6690274A}.Release|Any CPU.Build.0 = Release|Any CPU
		{DA5DFC7A-0F3B-478F-A34F-FDBC01C721F3}.Debug|Any CPU.ActiveCfg = Debug|Any CPU
		{DA5DFC7A-0F3B-478F-A34F-FDBC01C721F3}.Debug|Any CPU.Build.0 = Debug|Any CPU
		{DA5DFC7A-0F3B-478F-A34F-FDBC01C721F3}.Release|Any CPU.ActiveCfg = Release|Any CPU
		{DA5DFC7A-0F3B-478F-A34F-FDBC01C721F3}.Release|Any CPU.Build.0 = Release|Any CPU
		{0CA7FF30-BBC1-4A3E-ABC2-2BEABAD39345}.Debug|Any CPU.ActiveCfg = Debug|Any CPU
		{0CA7FF30-BBC1-4A3E-ABC2-2BEABAD39345}.Debug|Any CPU.Build.0 = Debug|Any CPU
		{0CA7FF30-BBC1-4A3E-ABC2-2BEABAD39345}.Release|Any CPU.ActiveCfg = Release|Any CPU
		{0CA7FF30-BBC1-4A3E-ABC2-2BEABAD39345}.Release|Any CPU.Build.0 = Release|Any CPU
		{64E52E7E-2664-4301-B5F0-5FA01EDDC171}.Debug|Any CPU.ActiveCfg = Debug|Any CPU
		{64E52E7E-2664-4301-B5F0-5FA01EDDC171}.Debug|Any CPU.Build.0 = Debug|Any CPU
		{64E52E7E-2664-4301-B5F0-5FA01EDDC171}.Release|Any CPU.ActiveCfg = Release|Any CPU
		{64E52E7E-2664-4301-B5F0-5FA01EDDC171}.Release|Any CPU.Build.0 = Release|Any CPU
		{8E6ACFA1-9E28-4597-AC40-E855AFEA7DA2}.Debug|Any CPU.ActiveCfg = Debug|Any CPU
		{8E6ACFA1-9E28-4597-AC40-E855AFEA7DA2}.Debug|Any CPU.Build.0 = Debug|Any CPU
		{8E6ACFA1-9E28-4597-AC40-E855AFEA7DA2}.Release|Any CPU.ActiveCfg = Release|Any CPU
		{8E6ACFA1-9E28-4597-AC40-E855AFEA7DA2}.Release|Any CPU.Build.0 = Release|Any CPU
		{46593687-8D10-4042-A982-FFDE30D4627A}.Debug|Any CPU.ActiveCfg = Debug|Any CPU
		{46593687-8D10-4042-A982-FFDE30D4627A}.Debug|Any CPU.Build.0 = Debug|Any CPU
		{46593687-8D10-4042-A982-FFDE30D4627A}.Release|Any CPU.ActiveCfg = Release|Any CPU
		{46593687-8D10-4042-A982-FFDE30D4627A}.Release|Any CPU.Build.0 = Release|Any CPU
	EndGlobalSection
EndGlobal
