
Microsoft Visual Studio Solution File, Format Version 12.00
# Visual Studio Version 16
VisualStudioVersion = 16.0.31624.102
MinimumVisualStudioVersion = 10.0.40219.1
Project("{9A19103F-16F7-4668-BE54-9A1E7A4F7556}") = "DecoratorDesignPattern", "Decorator\DecoratorDesignPattern.csproj", "{F94483F1-3B94-4081-8904-2023C129ED52}"
EndProject
Project("{FAE04EC0-301F-11D3-BF4B-00C04F79EFBC}") = "ProxyPattern", "ProxyPattern\ProxyPattern.csproj", "{465C6F75-42A4-4837-AC9D-5BD28ABBD33D}"
EndProject
Global
	GlobalSection(SolutionConfigurationPlatforms) = preSolution
		Debug|Any CPU = Debug|Any CPU
		Release|Any CPU = Release|Any CPU
	EndGlobalSection
	GlobalSection(ProjectConfigurationPlatforms) = postSolution
		{F94483F1-3B94-4081-8904-2023C129ED52}.Debug|Any CPU.ActiveCfg = Debug|Any CPU
		{F94483F1-3B94-4081-8904-2023C129ED52}.Debug|Any CPU.Build.0 = Debug|Any CPU
		{F94483F1-3B94-4081-8904-2023C129ED52}.Release|Any CPU.ActiveCfg = Release|Any CPU
		{F94483F1-3B94-4081-8904-2023C129ED52}.Release|Any CPU.Build.0 = Release|Any CPU
		{465C6F75-42A4-4837-AC9D-5BD28ABBD33D}.Debug|Any CPU.ActiveCfg = Debug|Any CPU
		{465C6F75-42A4-4837-AC9D-5BD28ABBD33D}.Debug|Any CPU.Build.0 = Debug|Any CPU
		{465C6F75-42A4-4837-AC9D-5BD28ABBD33D}.Release|Any CPU.ActiveCfg = Release|Any CPU
		{465C6F75-42A4-4837-AC9D-5BD28ABBD33D}.Release|Any CPU.Build.0 = Release|Any CPU
	EndGlobalSection
	GlobalSection(SolutionProperties) = preSolution
		HideSolutionNode = FALSE
	EndGlobalSection
	GlobalSection(ExtensibilityGlobals) = postSolution
		SolutionGuid = {0E098A02-355F-460F-A5DC-8C9A0DBFE8A3}
	EndGlobalSection
EndGlobal
